
Microsoft Visual Studio Solution File, Format Version 12.00
# Visual Studio Version 17
VisualStudioVersion = 17.6.33829.357
MinimumVisualStudioVersion = 10.0.40219.1
Project("{FAE04EC0-301F-11D3-BF4B-00C04F79EFBC}") = "QueuingForm", "QueuingForm\QueuingForm.csproj", "{CC7E1887-B15F-469B-8817-C8EED2A4525C}"
EndProject
Global
	GlobalSection(SolutionConfigurationPlatforms) = preSolution
		Debug|Any CPU = Debug|Any CPU
		Release|Any CPU = Release|Any CPU
	EndGlobalSection
	GlobalSection(ProjectConfigurationPlatforms) = postSolution
		{CC7E1887-B15F-469B-8817-C8EED2A4525C}.Debug|Any CPU.ActiveCfg = Debug|Any CPU
		{CC7E1887-B15F-469B-8817-C8EED2A4525C}.Debug|Any CPU.Build.0 = Debug|Any CPU
		{CC7E1887-B15F-469B-8817-C8EED2A4525C}.Release|Any CPU.ActiveCfg = Release|Any CPU
		{CC7E1887-B15F-469B-8817-C8EED2A4525C}.Release|Any CPU.Build.0 = Release|Any CPU
	EndGlobalSection
	GlobalSection(SolutionProperties) = preSolution
		HideSolutionNode = FALSE
	EndGlobalSection
	GlobalSection(ExtensibilityGlobals) = postSolution
		SolutionGuid = {6ADD6660-28B1-4E40-94F0-5AD111BD8229}
	EndGlobalSection
EndGlobal
